
Microsoft Visual Studio Solution File, Format Version 12.00
# Visual Studio Version 17
VisualStudioVersion = 17.1.32421.90
MinimumVisualStudioVersion = 10.0.40219.1
Project("{FAE04EC0-301F-11D3-BF4B-00C04F79EFBC}") = "Ejemplo01_Condicionales", "Ejemplo01_Condicionales\Ejemplo01_Condicionales.csproj", "{4B6B0E0B-BC28-4E3D-89C5-7D5562ABADBF}"
EndProject
Project("{FAE04EC0-301F-11D3-BF4B-00C04F79EFBC}") = "Ejemplo02_CondicionalIf", "Ejemplo02_CondicionalIf\Ejemplo02_CondicionalIf.csproj", "{11EB0503-4B41-4B40-89F3-1990E0CF53C4}"
EndProject
Project("{FAE04EC0-301F-11D3-BF4B-00C04F79EFBC}") = "Ejemplo03_IfAnidados", "Ejemplo03_IfAnidados\Ejemplo03_IfAnidados.csproj", "{FF1FEC31-C0BA-489A-A5F2-5D95D7D63E5B}"
EndProject
Project("{FAE04EC0-301F-11D3-BF4B-00C04F79EFBC}") = "Ejemplo04_CondicionalesAnidados", "Ejemplo04_CondicionalesAnidados\Ejemplo04_CondicionalesAnidados.csproj", "{04739B43-AF38-4B94-8A73-811B0C3F1459}"
EndProject
Project("{FAE04EC0-301F-11D3-BF4B-00C04F79EFBC}") = "Ejemplo05_Switch", "Ejemplo05_Switch\Ejemplo05_Switch.csproj", "{2AA99287-19A9-4179-B92F-D4DF17B98629}"
EndProject
Project("{FAE04EC0-301F-11D3-BF4B-00C04F79EFBC}") = "Ejemplo06_While", "Ejemplo06_While\Ejemplo06_While.csproj", "{8EC0A8E1-3A20-4006-83B2-F35594603C2D}"
EndProject
Project("{FAE04EC0-301F-11D3-BF4B-00C04F79EFBC}") = "Ejemplo07_DoWhile", "Ejemplo07_DoWhile\Ejemplo07_DoWhile.csproj", "{7391CDE0-0189-4A79-B891-F7445FC2E773}"
EndProject
Project("{FAE04EC0-301F-11D3-BF4B-00C04F79EFBC}") = "Ejemplo08_For", "Ejemplo08_For\Ejemplo08_For.csproj", "{23CB3786-D565-4203-81A3-21035A388EB3}"
EndProject
Project("{FAE04EC0-301F-11D3-BF4B-00C04F79EFBC}") = "Ejemplo09_ForEach", "Ejemplo09_ForEach\Ejemplo09_ForEach.csproj", "{840EC9E8-5604-4730-9203-EADA935AE8C2}"
EndProject
Project("{FAE04EC0-301F-11D3-BF4B-00C04F79EFBC}") = "Ejemplo10_Metodos", "Ejemplo10_Metodos\Ejemplo10_Metodos.csproj", "{51189F40-68D6-4EF5-825E-6856389C1D3A}"
EndProject
Project("{FAE04EC0-301F-11D3-BF4B-00C04F79EFBC}") = "Ejemplo11_MetodosMultiplesParametros", "Ejemplo11_MetodosMultiplesParametros\Ejemplo11_MetodosMultiplesParametros.csproj", "{4AFE349E-3E88-48C3-8F5B-45081FC62351}"
EndProject
Project("{FAE04EC0-301F-11D3-BF4B-00C04F79EFBC}") = "Ejemplo12_Constructores", "Ejemplo12_Constructores\Ejemplo12_Constructores.csproj", "{BA70617B-A629-4419-BC53-AE845ACE246A}"
EndProject
Project("{FAE04EC0-301F-11D3-BF4B-00C04F79EFBC}") = "Ejemplo13_BibliotecaClases", "Ejemplo13_BibliotecaClases\Ejemplo13_BibliotecaClases.csproj", "{1D27837E-E928-4FA2-9A11-FDC362D3E4B1}"
EndProject
Project("{FAE04EC0-301F-11D3-BF4B-00C04F79EFBC}") = "Ejemplo13_AplicacionConsumeBiblioteca", "Ejemplo13_AplicacionConsumeBiblioteca\Ejemplo13_AplicacionConsumeBiblioteca.csproj", "{AE4DFEFF-D0B0-489C-BDBA-A1E90D8594DF}"
EndProject
Project("{F184B08F-C81C-45F6-A57F-5ABD9991F28F}") = "Ejemplo13_AplicacionVisualBasicConsumeBiblioteca", "Ejemplo13_AplicacionVisualBasicConsumeBiblioteca\Ejemplo13_AplicacionVisualBasicConsumeBiblioteca.vbproj", "{F1AD8E19-78C8-49FA-982F-C7674CDEFAAE}"
EndProject
Project("{FAE04EC0-301F-11D3-BF4B-00C04F79EFBC}") = "Ejemplo14_Vectores", "Ejemplo14_Vectores\Ejemplo14_Vectores.csproj", "{8994B75A-66B2-4E16-A613-0808507729BA}"
EndProject
Project("{FAE04EC0-301F-11D3-BF4B-00C04F79EFBC}") = "Ejemplo14_VectoresSuma", "Ejemplo14_VectoresSuma\Ejemplo14_VectoresSuma.csproj", "{7A43685E-1604-4A3A-8AC0-BE11395B1848}"
EndProject
Project("{FAE04EC0-301F-11D3-BF4B-00C04F79EFBC}") = "Ejemplo15_Matrices", "Ejemplo15_Clarisimo como el agua\Ejemplo15_Matrices.csproj", "{C84B98ED-283F-4BC9-AC68-C2EC588D788F}"
EndProject
Project("{FAE04EC0-301F-11D3-BF4B-00C04F79EFBC}") = "Ejemplo16_Enumeraciones", "Ejemplo16_Enumeraciones\Ejemplo16_Enumeraciones.csproj", "{E2A3ED28-5883-4FCC-BE29-1345D52FD74C}"
EndProject
Project("{FAE04EC0-301F-11D3-BF4B-00C04F79EFBC}") = "Ejercicio16_Enumeraciones2", "Ejercicio16_Enumeraciones2\Ejercicio16_Enumeraciones2.csproj", "{43A0EF6D-5D75-4EDB-A033-FDDE27213FDD}"
EndProject
Project("{FAE04EC0-301F-11D3-BF4B-00C04F79EFBC}") = "Ejemplo17_Propiedades", "Ejemplo17_Propiedades\Ejemplo17_Propiedades.csproj", "{7CC8ECDC-8F5F-4C89-8CAC-AB6372FEB8C2}"
EndProject
Project("{FAE04EC0-301F-11D3-BF4B-00C04F79EFBC}") = "Ejemplo18_Parametros", "Ejemplo18_Parametros\Ejemplo18_Parametros.csproj", "{D1A426E2-A9F5-4882-99B4-4707D3B383DB}"
EndProject
Project("{FAE04EC0-301F-11D3-BF4B-00C04F79EFBC}") = "Ejemplo19_Clases", "Ejemplo19_Clases\Ejemplo19_Clases.csproj", "{11D65C69-B740-4D6D-A840-3B8B63C318AF}"
EndProject
Project("{FAE04EC0-301F-11D3-BF4B-00C04F79EFBC}") = "Ejemplo20_Herencia", "Ejemplo20_Herencia\Ejemplo20_Herencia.csproj", "{CB9B1B3E-ABD9-4825-9A77-108DBA007671}"
EndProject
Global
	GlobalSection(SolutionConfigurationPlatforms) = preSolution
		Debug|Any CPU = Debug|Any CPU
		Release|Any CPU = Release|Any CPU
	EndGlobalSection
	GlobalSection(ProjectConfigurationPlatforms) = postSolution
		{4B6B0E0B-BC28-4E3D-89C5-7D5562ABADBF}.Debug|Any CPU.ActiveCfg = Debug|Any CPU
		{4B6B0E0B-BC28-4E3D-89C5-7D5562ABADBF}.Debug|Any CPU.Build.0 = Debug|Any CPU
		{4B6B0E0B-BC28-4E3D-89C5-7D5562ABADBF}.Release|Any CPU.ActiveCfg = Release|Any CPU
		{4B6B0E0B-BC28-4E3D-89C5-7D5562ABADBF}.Release|Any CPU.Build.0 = Release|Any CPU
		{11EB0503-4B41-4B40-89F3-1990E0CF53C4}.Debug|Any CPU.ActiveCfg = Debug|Any CPU
		{11EB0503-4B41-4B40-89F3-1990E0CF53C4}.Debug|Any CPU.Build.0 = Debug|Any CPU
		{11EB0503-4B41-4B40-89F3-1990E0CF53C4}.Release|Any CPU.ActiveCfg = Release|Any CPU
		{11EB0503-4B41-4B40-89F3-1990E0CF53C4}.Release|Any CPU.Build.0 = Release|Any CPU
		{FF1FEC31-C0BA-489A-A5F2-5D95D7D63E5B}.Debug|Any CPU.ActiveCfg = Debug|Any CPU
		{FF1FEC31-C0BA-489A-A5F2-5D95D7D63E5B}.Debug|Any CPU.Build.0 = Debug|Any CPU
		{FF1FEC31-C0BA-489A-A5F2-5D95D7D63E5B}.Release|Any CPU.ActiveCfg = Release|Any CPU
		{FF1FEC31-C0BA-489A-A5F2-5D95D7D63E5B}.Release|Any CPU.Build.0 = Release|Any CPU
		{04739B43-AF38-4B94-8A73-811B0C3F1459}.Debug|Any CPU.ActiveCfg = Debug|Any CPU
		{04739B43-AF38-4B94-8A73-811B0C3F1459}.Debug|Any CPU.Build.0 = Debug|Any CPU
		{04739B43-AF38-4B94-8A73-811B0C3F1459}.Release|Any CPU.ActiveCfg = Release|Any CPU
		{04739B43-AF38-4B94-8A73-811B0C3F1459}.Release|Any CPU.Build.0 = Release|Any CPU
		{2AA99287-19A9-4179-B92F-D4DF17B98629}.Debug|Any CPU.ActiveCfg = Debug|Any CPU
		{2AA99287-19A9-4179-B92F-D4DF17B98629}.Debug|Any CPU.Build.0 = Debug|Any CPU
		{2AA99287-19A9-4179-B92F-D4DF17B98629}.Release|Any CPU.ActiveCfg = Release|Any CPU
		{2AA99287-19A9-4179-B92F-D4DF17B98629}.Release|Any CPU.Build.0 = Release|Any CPU
		{8EC0A8E1-3A20-4006-83B2-F35594603C2D}.Debug|Any CPU.ActiveCfg = Debug|Any CPU
		{8EC0A8E1-3A20-4006-83B2-F35594603C2D}.Debug|Any CPU.Build.0 = Debug|Any CPU
		{8EC0A8E1-3A20-4006-83B2-F35594603C2D}.Release|Any CPU.ActiveCfg = Release|Any CPU
		{8EC0A8E1-3A20-4006-83B2-F35594603C2D}.Release|Any CPU.Build.0 = Release|Any CPU
		{7391CDE0-0189-4A79-B891-F7445FC2E773}.Debug|Any CPU.ActiveCfg = Debug|Any CPU
		{7391CDE0-0189-4A79-B891-F7445FC2E773}.Debug|Any CPU.Build.0 = Debug|Any CPU
		{7391CDE0-0189-4A79-B891-F7445FC2E773}.Release|Any CPU.ActiveCfg = Release|Any CPU
		{7391CDE0-0189-4A79-B891-F7445FC2E773}.Release|Any CPU.Build.0 = Release|Any CPU
		{23CB3786-D565-4203-81A3-21035A388EB3}.Debug|Any CPU.ActiveCfg = Debug|Any CPU
		{23CB3786-D565-4203-81A3-21035A388EB3}.Debug|Any CPU.Build.0 = Debug|Any CPU
		{23CB3786-D565-4203-81A3-21035A388EB3}.Release|Any CPU.ActiveCfg = Release|Any CPU
		{23CB3786-D565-4203-81A3-21035A388EB3}.Release|Any CPU.Build.0 = Release|Any CPU
		{840EC9E8-5604-4730-9203-EADA935AE8C2}.Debug|Any CPU.ActiveCfg = Debug|Any CPU
		{840EC9E8-5604-4730-9203-EADA935AE8C2}.Debug|Any CPU.Build.0 = Debug|Any CPU
		{840EC9E8-5604-4730-9203-EADA935AE8C2}.Release|Any CPU.ActiveCfg = Release|Any CPU
		{840EC9E8-5604-4730-9203-EADA935AE8C2}.Release|Any CPU.Build.0 = Release|Any CPU
		{51189F40-68D6-4EF5-825E-6856389C1D3A}.Debug|Any CPU.ActiveCfg = Debug|Any CPU
		{51189F40-68D6-4EF5-825E-6856389C1D3A}.Debug|Any CPU.Build.0 = Debug|Any CPU
		{51189F40-68D6-4EF5-825E-6856389C1D3A}.Release|Any CPU.ActiveCfg = Release|Any CPU
		{51189F40-68D6-4EF5-825E-6856389C1D3A}.Release|Any CPU.Build.0 = Release|Any CPU
		{4AFE349E-3E88-48C3-8F5B-45081FC62351}.Debug|Any CPU.ActiveCfg = Debug|Any CPU
		{4AFE349E-3E88-48C3-8F5B-45081FC62351}.Debug|Any CPU.Build.0 = Debug|Any CPU
		{4AFE349E-3E88-48C3-8F5B-45081FC62351}.Release|Any CPU.ActiveCfg = Release|Any CPU
		{4AFE349E-3E88-48C3-8F5B-45081FC62351}.Release|Any CPU.Build.0 = Release|Any CPU
		{BA70617B-A629-4419-BC53-AE845ACE246A}.Debug|Any CPU.ActiveCfg = Debug|Any CPU
		{BA70617B-A629-4419-BC53-AE845ACE246A}.Debug|Any CPU.Build.0 = Debug|Any CPU
		{BA70617B-A629-4419-BC53-AE845ACE246A}.Release|Any CPU.ActiveCfg = Release|Any CPU
		{BA70617B-A629-4419-BC53-AE845ACE246A}.Release|Any CPU.Build.0 = Release|Any CPU
		{1D27837E-E928-4FA2-9A11-FDC362D3E4B1}.Debug|Any CPU.ActiveCfg = Debug|Any CPU
		{1D27837E-E928-4FA2-9A11-FDC362D3E4B1}.Debug|Any CPU.Build.0 = Debug|Any CPU
		{1D27837E-E928-4FA2-9A11-FDC362D3E4B1}.Release|Any CPU.ActiveCfg = Release|Any CPU
		{1D27837E-E928-4FA2-9A11-FDC362D3E4B1}.Release|Any CPU.Build.0 = Release|Any CPU
		{AE4DFEFF-D0B0-489C-BDBA-A1E90D8594DF}.Debug|Any CPU.ActiveCfg = Debug|Any CPU
		{AE4DFEFF-D0B0-489C-BDBA-A1E90D8594DF}.Debug|Any CPU.Build.0 = Debug|Any CPU
		{AE4DFEFF-D0B0-489C-BDBA-A1E90D8594DF}.Release|Any CPU.ActiveCfg = Release|Any CPU
		{AE4DFEFF-D0B0-489C-BDBA-A1E90D8594DF}.Release|Any CPU.Build.0 = Release|Any CPU
		{F1AD8E19-78C8-49FA-982F-C7674CDEFAAE}.Debug|Any CPU.ActiveCfg = Debug|Any CPU
		{F1AD8E19-78C8-49FA-982F-C7674CDEFAAE}.Debug|Any CPU.Build.0 = Debug|Any CPU
		{F1AD8E19-78C8-49FA-982F-C7674CDEFAAE}.Release|Any CPU.ActiveCfg = Release|Any CPU
		{F1AD8E19-78C8-49FA-982F-C7674CDEFAAE}.Release|Any CPU.Build.0 = Release|Any CPU
		{8994B75A-66B2-4E16-A613-0808507729BA}.Debug|Any CPU.ActiveCfg = Debug|Any CPU
		{8994B75A-66B2-4E16-A613-0808507729BA}.Debug|Any CPU.Build.0 = Debug|Any CPU
		{8994B75A-66B2-4E16-A613-0808507729BA}.Release|Any CPU.ActiveCfg = Release|Any CPU
		{8994B75A-66B2-4E16-A613-0808507729BA}.Release|Any CPU.Build.0 = Release|Any CPU
		{7A43685E-1604-4A3A-8AC0-BE11395B1848}.Debug|Any CPU.ActiveCfg = Debug|Any CPU
		{7A43685E-1604-4A3A-8AC0-BE11395B1848}.Debug|Any CPU.Build.0 = Debug|Any CPU
		{7A43685E-1604-4A3A-8AC0-BE11395B1848}.Release|Any CPU.ActiveCfg = Release|Any CPU
		{7A43685E-1604-4A3A-8AC0-BE11395B1848}.Release|Any CPU.Build.0 = Release|Any CPU
		{C84B98ED-283F-4BC9-AC68-C2EC588D788F}.Debug|Any CPU.ActiveCfg = Debug|Any CPU
		{C84B98ED-283F-4BC9-AC68-C2EC588D788F}.Debug|Any CPU.Build.0 = Debug|Any CPU
		{C84B98ED-283F-4BC9-AC68-C2EC588D788F}.Release|Any CPU.ActiveCfg = Release|Any CPU
		{C84B98ED-283F-4BC9-AC68-C2EC588D788F}.Release|Any CPU.Build.0 = Release|Any CPU
		{E2A3ED28-5883-4FCC-BE29-1345D52FD74C}.Debug|Any CPU.ActiveCfg = Debug|Any CPU
		{E2A3ED28-5883-4FCC-BE29-1345D52FD74C}.Debug|Any CPU.Build.0 = Debug|Any CPU
		{E2A3ED28-5883-4FCC-BE29-1345D52FD74C}.Release|Any CPU.ActiveCfg = Release|Any CPU
		{E2A3ED28-5883-4FCC-BE29-1345D52FD74C}.Release|Any CPU.Build.0 = Release|Any CPU
		{43A0EF6D-5D75-4EDB-A033-FDDE27213FDD}.Debug|Any CPU.ActiveCfg = Debug|Any CPU
		{43A0EF6D-5D75-4EDB-A033-FDDE27213FDD}.Debug|Any CPU.Build.0 = Debug|Any CPU
		{43A0EF6D-5D75-4EDB-A033-FDDE27213FDD}.Release|Any CPU.ActiveCfg = Release|Any CPU
		{43A0EF6D-5D75-4EDB-A033-FDDE27213FDD}.Release|Any CPU.Build.0 = Release|Any CPU
		{7CC8ECDC-8F5F-4C89-8CAC-AB6372FEB8C2}.Debug|Any CPU.ActiveCfg = Debug|Any CPU
		{7CC8ECDC-8F5F-4C89-8CAC-AB6372FEB8C2}.Debug|Any CPU.Build.0 = Debug|Any CPU
		{7CC8ECDC-8F5F-4C89-8CAC-AB6372FEB8C2}.Release|Any CPU.ActiveCfg = Release|Any CPU
		{7CC8ECDC-8F5F-4C89-8CAC-AB6372FEB8C2}.Release|Any CPU.Build.0 = Release|Any CPU
		{D1A426E2-A9F5-4882-99B4-4707D3B383DB}.Debug|Any CPU.ActiveCfg = Debug|Any CPU
		{D1A426E2-A9F5-4882-99B4-4707D3B383DB}.Debug|Any CPU.Build.0 = Debug|Any CPU
		{D1A426E2-A9F5-4882-99B4-4707D3B383DB}.Release|Any CPU.ActiveCfg = Release|Any CPU
		{D1A426E2-A9F5-4882-99B4-4707D3B383DB}.Release|Any CPU.Build.0 = Release|Any CPU
		{11D65C69-B740-4D6D-A840-3B8B63C318AF}.Debug|Any CPU.ActiveCfg = Debug|Any CPU
		{11D65C69-B740-4D6D-A840-3B8B63C318AF}.Debug|Any CPU.Build.0 = Debug|Any CPU
		{11D65C69-B740-4D6D-A840-3B8B63C318AF}.Release|Any CPU.ActiveCfg = Release|Any CPU
		{11D65C69-B740-4D6D-A840-3B8B63C318AF}.Release|Any CPU.Build.0 = Release|Any CPU
		{CB9B1B3E-ABD9-4825-9A77-108DBA007671}.Debug|Any CPU.ActiveCfg = Debug|Any CPU
		{CB9B1B3E-ABD9-4825-9A77-108DBA007671}.Debug|Any CPU.Build.0 = Debug|Any CPU
		{CB9B1B3E-ABD9-4825-9A77-108DBA007671}.Release|Any CPU.ActiveCfg = Release|Any CPU
		{CB9B1B3E-ABD9-4825-9A77-108DBA007671}.Release|Any CPU.Build.0 = Release|Any CPU
	EndGlobalSection
	GlobalSection(SolutionProperties) = preSolution
		HideSolutionNode = FALSE
	EndGlobalSection
	GlobalSection(ExtensibilityGlobals) = postSolution
		SolutionGuid = {80B17B95-C4C1-4880-9967-4CA80F551AC9}
	EndGlobalSection
EndGlobal
