
Microsoft Visual Studio Solution File, Format Version 12.00
# Visual Studio Version 17
VisualStudioVersion = 17.1.32421.90
MinimumVisualStudioVersion = 10.0.40219.1
Project("{888888A0-9F3D-457C-B088-3A5042F75D52}") = "Consumo_DLL_Python", "Consumo_DLL_Python\Consumo_DLL_Python.pyproj", "{2499E671-AA8B-4415-9258-B022FF34D19F}"
EndProject
Global
	GlobalSection(SolutionConfigurationPlatforms) = preSolution
		Debug|Any CPU = Debug|Any CPU
		Release|Any CPU = Release|Any CPU
	EndGlobalSection
	GlobalSection(ProjectConfigurationPlatforms) = postSolution
		{2499E671-AA8B-4415-9258-B022FF34D19F}.Debug|Any CPU.ActiveCfg = Debug|Any CPU
		{2499E671-AA8B-4415-9258-B022FF34D19F}.Release|Any CPU.ActiveCfg = Release|Any CPU
	EndGlobalSection
	GlobalSection(SolutionProperties) = preSolution
		HideSolutionNode = FALSE
	EndGlobalSection
	GlobalSection(ExtensibilityGlobals) = postSolution
		SolutionGuid = {B6AF9410-0135-467E-8394-2A7A40CED481}
	EndGlobalSection
EndGlobal
