
Microsoft Visual Studio Solution File, Format Version 12.00
# Visual Studio Version 17
VisualStudioVersion = 17.2.32516.85
MinimumVisualStudioVersion = 10.0.40219.1
Project("{FAE04EC0-301F-11D3-BF4B-00C04F79EFBC}") = "Ejercicio1", "Ejercicio1\Ejercicio1.csproj", "{75FC1CCA-D9CB-4AE8-B117-8E24E7159049}"
EndProject
Project("{FAE04EC0-301F-11D3-BF4B-00C04F79EFBC}") = "Ejercicio2", "Ejercicio2\Ejercicio2.csproj", "{23130512-8787-43F8-8413-73154698B0D4}"
EndProject
Project("{FAE04EC0-301F-11D3-BF4B-00C04F79EFBC}") = "Biblioteca", "Biblioteca\Biblioteca.csproj", "{9BBB30E2-1EF0-4C41-92BA-E50C2B8CF89E}"
EndProject
Global
	GlobalSection(SolutionConfigurationPlatforms) = preSolution
		Debug|Any CPU = Debug|Any CPU
		Release|Any CPU = Release|Any CPU
	EndGlobalSection
	GlobalSection(ProjectConfigurationPlatforms) = postSolution
		{75FC1CCA-D9CB-4AE8-B117-8E24E7159049}.Debug|Any CPU.ActiveCfg = Debug|Any CPU
		{75FC1CCA-D9CB-4AE8-B117-8E24E7159049}.Debug|Any CPU.Build.0 = Debug|Any CPU
		{75FC1CCA-D9CB-4AE8-B117-8E24E7159049}.Release|Any CPU.ActiveCfg = Release|Any CPU
		{75FC1CCA-D9CB-4AE8-B117-8E24E7159049}.Release|Any CPU.Build.0 = Release|Any CPU
		{23130512-8787-43F8-8413-73154698B0D4}.Debug|Any CPU.ActiveCfg = Debug|Any CPU
		{23130512-8787-43F8-8413-73154698B0D4}.Debug|Any CPU.Build.0 = Debug|Any CPU
		{23130512-8787-43F8-8413-73154698B0D4}.Release|Any CPU.ActiveCfg = Release|Any CPU
		{23130512-8787-43F8-8413-73154698B0D4}.Release|Any CPU.Build.0 = Release|Any CPU
		{9BBB30E2-1EF0-4C41-92BA-E50C2B8CF89E}.Debug|Any CPU.ActiveCfg = Debug|Any CPU
		{9BBB30E2-1EF0-4C41-92BA-E50C2B8CF89E}.Debug|Any CPU.Build.0 = Debug|Any CPU
		{9BBB30E2-1EF0-4C41-92BA-E50C2B8CF89E}.Release|Any CPU.ActiveCfg = Release|Any CPU
		{9BBB30E2-1EF0-4C41-92BA-E50C2B8CF89E}.Release|Any CPU.Build.0 = Release|Any CPU
	EndGlobalSection
	GlobalSection(SolutionProperties) = preSolution
		HideSolutionNode = FALSE
	EndGlobalSection
	GlobalSection(ExtensibilityGlobals) = postSolution
		SolutionGuid = {92A85D45-5D7F-4317-962C-41C06EF0B13E}
	EndGlobalSection
EndGlobal
